{
    "_readme": [
        "This file locks the dependencies of your project to a known state",
        "Read more about it at https://getcomposer.org/doc/01-basic-usage.md#composer-lock-the-lock-file",
        "This file is @generated automatically"
    ],
    "content-hash": "2d031517d31d0c9e5e44ec37547bc771",
    "packages": [
        {
            "name": "duccio/apns-php",
            "version": "v1.0.1",
            "source": {
                "type": "git",
                "url": "https://github.com/immobiliare/ApnsPHP.git",
                "reference": "43e706e82236da2ece6e4932f63268298e5a7e83"
            },
            "dist": {
                "type": "zip",
                "url": "https://api.github.com/repos/immobiliare/ApnsPHP/zipball/43e706e82236da2ece6e4932f63268298e5a7e83",
                "reference": "43e706e82236da2ece6e4932f63268298e5a7e83",
                "shasum": ""
            },
            "require": {
                "lib-openssl": "*",
                "php": ">=5.3.0"
            },
            "type": "library",
            "autoload": {
                "files": [
                    "ApnsPHP/Autoload.php"
                ]
            },
            "notification-url": "https://packagist.org/downloads/",
            "license": [
                "BSD-3-Clause"
            ],
            "description": "Apple Push Notification & Feedback Provider",
            "homepage": "https://github.com/immobiliare/ApnsPHP",
            "keywords": [
                "apns",
                "apple",
                "notification",
                "push"
            ],
            "time": "2016-02-07T21:17:51+00:00"
        },
        {
            "name": "jwage/php-apns",
            "version": "v0.0.3",
            "source": {
                "type": "git",
                "url": "https://github.com/jwage/php-apns.git",
                "reference": "a0ac892e43c028668f7c7452e387d23a98126a42"
            },
            "dist": {
                "type": "zip",
                "url": "https://api.github.com/repos/jwage/php-apns/zipball/a0ac892e43c028668f7c7452e387d23a98126a42",
                "reference": "a0ac892e43c028668f7c7452e387d23a98126a42",
                "shasum": ""
            },
            "require": {
                "ext-openssl": "*",
                "ext-zip": "*",
                "php": ">=5.3.0"
            },
            "type": "library",
            "autoload": {
                "psr-0": {
                    "JWage\\APNS": "src/"
                }
            },
            "notification-url": "https://packagist.org/downloads/",
            "license": [
                "MIT"
            ],
            "authors": [
                {
                    "name": "Jonathan Wage",
                    "email": "jonwage@gmail.com",
                    "homepage": "http://www.jwage.com/",
                    "role": "Creator"
                }
            ],
            "description": "Object Oriented PHP Apple Push Notification Integration Library",
            "homepage": "http://github.com/jwage/php-apns",
            "keywords": [
                "apns",
                "apple",
                "notifications"
            ],
            "time": "2014-01-07T21:15:10+00:00"
        }
    ],
    "packages-dev": [],
    "aliases": [],
    "minimum-stability": "stable",
    "stability-flags": [],
    "prefer-stable": false,
    "prefer-lowest": false,
    "platform": [],
    "platform-dev": []
}
